
Microsoft Visual Studio Solution File, Format Version 12.00
# Visual Studio 2012
Project("{FAE04EC0-301F-11D3-BF4B-00C04F79EFBC}") = "MyFirstApp", "MyFirstApp\MyFirstApp.csproj", "{9074C65D-992A-463C-A77F-8F8A7E1EF19B}"
EndProject
Project("{FAE04EC0-301F-11D3-BF4B-00C04F79EFBC}") = "MyFirstApp.Droid", "Droid\MyFirstApp.Droid.csproj", "{D09EF23F-2E39-4D0B-82B4-BA4C66A7F527}"
EndProject
Project("{FAE04EC0-301F-11D3-BF4B-00C04F79EFBC}") = "MyFirstApp.iOS", "iOS\MyFirstApp.iOS.csproj", "{E6060942-6518-4D74-9FF1-59DCC8E97000}"
EndProject
Global
	GlobalSection(SolutionConfigurationPlatforms) = preSolution
		Debug|Any CPU = Debug|Any CPU
		Release|Any CPU = Release|Any CPU
		Debug|iPhoneSimulator = Debug|iPhoneSimulator
		Release|iPhone = Release|iPhone
		Release|iPhoneSimulator = Release|iPhoneSimulator
		Debug|iPhone = Debug|iPhone
	EndGlobalSection
	GlobalSection(ProjectConfigurationPlatforms) = postSolution
		{9074C65D-992A-463C-A77F-8F8A7E1EF19B}.Debug|Any CPU.ActiveCfg = Debug|Any CPU
		{9074C65D-992A-463C-A77F-8F8A7E1EF19B}.Debug|Any CPU.Build.0 = Debug|Any CPU
		{9074C65D-992A-463C-A77F-8F8A7E1EF19B}.Release|Any CPU.ActiveCfg = Release|Any CPU
		{9074C65D-992A-463C-A77F-8F8A7E1EF19B}.Release|Any CPU.Build.0 = Release|Any CPU
		{9074C65D-992A-463C-A77F-8F8A7E1EF19B}.Debug|iPhoneSimulator.ActiveCfg = Debug|Any CPU
		{9074C65D-992A-463C-A77F-8F8A7E1EF19B}.Debug|iPhoneSimulator.Build.0 = Debug|Any CPU
		{9074C65D-992A-463C-A77F-8F8A7E1EF19B}.Release|iPhone.ActiveCfg = Release|Any CPU
		{9074C65D-992A-463C-A77F-8F8A7E1EF19B}.Release|iPhone.Build.0 = Release|Any CPU
		{9074C65D-992A-463C-A77F-8F8A7E1EF19B}.Release|iPhoneSimulator.ActiveCfg = Release|Any CPU
		{9074C65D-992A-463C-A77F-8F8A7E1EF19B}.Release|iPhoneSimulator.Build.0 = Release|Any CPU
		{9074C65D-992A-463C-A77F-8F8A7E1EF19B}.Debug|iPhone.ActiveCfg = Debug|Any CPU
		{9074C65D-992A-463C-A77F-8F8A7E1EF19B}.Debug|iPhone.Build.0 = Debug|Any CPU
		{D09EF23F-2E39-4D0B-82B4-BA4C66A7F527}.Debug|Any CPU.ActiveCfg = Debug|Any CPU
		{D09EF23F-2E39-4D0B-82B4-BA4C66A7F527}.Debug|Any CPU.Build.0 = Debug|Any CPU
		{D09EF23F-2E39-4D0B-82B4-BA4C66A7F527}.Release|Any CPU.ActiveCfg = Release|Any CPU
		{D09EF23F-2E39-4D0B-82B4-BA4C66A7F527}.Release|Any CPU.Build.0 = Release|Any CPU
		{D09EF23F-2E39-4D0B-82B4-BA4C66A7F527}.Debug|iPhoneSimulator.ActiveCfg = Debug|Any CPU
		{D09EF23F-2E39-4D0B-82B4-BA4C66A7F527}.Debug|iPhoneSimulator.Build.0 = Debug|Any CPU
		{D09EF23F-2E39-4D0B-82B4-BA4C66A7F527}.Release|iPhone.ActiveCfg = Release|Any CPU
		{D09EF23F-2E39-4D0B-82B4-BA4C66A7F527}.Release|iPhone.Build.0 = Release|Any CPU
		{D09EF23F-2E39-4D0B-82B4-BA4C66A7F527}.Release|iPhoneSimulator.ActiveCfg = Release|Any CPU
		{D09EF23F-2E39-4D0B-82B4-BA4C66A7F527}.Release|iPhoneSimulator.Build.0 = Release|Any CPU
		{D09EF23F-2E39-4D0B-82B4-BA4C66A7F527}.Debug|iPhone.ActiveCfg = Debug|Any CPU
		{D09EF23F-2E39-4D0B-82B4-BA4C66A7F527}.Debug|iPhone.Build.0 = Debug|Any CPU
		{E6060942-6518-4D74-9FF1-59DCC8E97000}.Debug|Any CPU.ActiveCfg = Debug|iPhoneSimulator
		{E6060942-6518-4D74-9FF1-59DCC8E97000}.Debug|Any CPU.Build.0 = Debug|iPhoneSimulator
		{E6060942-6518-4D74-9FF1-59DCC8E97000}.Release|Any CPU.ActiveCfg = Release|iPhone
		{E6060942-6518-4D74-9FF1-59DCC8E97000}.Release|Any CPU.Build.0 = Release|iPhone
		{E6060942-6518-4D74-9FF1-59DCC8E97000}.Debug|iPhoneSimulator.ActiveCfg = Debug|iPhoneSimulator
		{E6060942-6518-4D74-9FF1-59DCC8E97000}.Debug|iPhoneSimulator.Build.0 = Debug|iPhoneSimulator
		{E6060942-6518-4D74-9FF1-59DCC8E97000}.Release|iPhone.ActiveCfg = Release|iPhone
		{E6060942-6518-4D74-9FF1-59DCC8E97000}.Release|iPhone.Build.0 = Release|iPhone
		{E6060942-6518-4D74-9FF1-59DCC8E97000}.Release|iPhoneSimulator.ActiveCfg = Release|iPhoneSimulator
		{E6060942-6518-4D74-9FF1-59DCC8E97000}.Release|iPhoneSimulator.Build.0 = Release|iPhoneSimulator
		{E6060942-6518-4D74-9FF1-59DCC8E97000}.Debug|iPhone.ActiveCfg = Debug|iPhone
		{E6060942-6518-4D74-9FF1-59DCC8E97000}.Debug|iPhone.Build.0 = Debug|iPhone
	EndGlobalSection
EndGlobal
